
Microsoft Visual Studio Solution File, Format Version 12.00
# Visual Studio Version 17
VisualStudioVersion = 17.4.33213.308
MinimumVisualStudioVersion = 10.0.40219.1
Project("{FAE04EC0-301F-11D3-BF4B-00C04F79EFBC}") = "Rul", "Rul\Rul.csproj", "{5E1D38B4-4ECA-42D4-80EA-2A0F8ED2DC18}"
EndProject
Global
	GlobalSection(SolutionConfigurationPlatforms) = preSolution
		Debug|Any CPU = Debug|Any CPU
		Release|Any CPU = Release|Any CPU
	EndGlobalSection
	GlobalSection(ProjectConfigurationPlatforms) = postSolution
		{5E1D38B4-4ECA-42D4-80EA-2A0F8ED2DC18}.Debug|Any CPU.ActiveCfg = Debug|Any CPU
		{5E1D38B4-4ECA-42D4-80EA-2A0F8ED2DC18}.Debug|Any CPU.Build.0 = Debug|Any CPU
		{5E1D38B4-4ECA-42D4-80EA-2A0F8ED2DC18}.Release|Any CPU.ActiveCfg = Release|Any CPU
		{5E1D38B4-4ECA-42D4-80EA-2A0F8ED2DC18}.Release|Any CPU.Build.0 = Release|Any CPU
	EndGlobalSection
	GlobalSection(SolutionProperties) = preSolution
		HideSolutionNode = FALSE
	EndGlobalSection
	GlobalSection(ExtensibilityGlobals) = postSolution
		SolutionGuid = {FC2AC854-9F2E-4F8E-9E84-93AC25B2857E}
	EndGlobalSection
EndGlobal
